
Microsoft Visual Studio Solution File, Format Version 12.00
Project("{FAE04EC0-301F-11D3-BF4B-00C04F79EFBC}") = "YARA.WorkshopNGine.API", "YARA.WorkshopNGine.API\YARA.WorkshopNGine.API.csproj", "{F59FE936-8C7B-46CC-8FFE-130AC76BB6EA}"
EndProject
Global
	GlobalSection(SolutionConfigurationPlatforms) = preSolution
		Debug|Any CPU = Debug|Any CPU
		Release|Any CPU = Release|Any CPU
	EndGlobalSection
	GlobalSection(ProjectConfigurationPlatforms) = postSolution
		{F59FE936-8C7B-46CC-8FFE-130AC76BB6EA}.Debug|Any CPU.ActiveCfg = Debug|Any CPU
		{F59FE936-8C7B-46CC-8FFE-130AC76BB6EA}.Debug|Any CPU.Build.0 = Debug|Any CPU
		{F59FE936-8C7B-46CC-8FFE-130AC76BB6EA}.Release|Any CPU.ActiveCfg = Release|Any CPU
		{F59FE936-8C7B-46CC-8FFE-130AC76BB6EA}.Release|Any CPU.Build.0 = Release|Any CPU
	EndGlobalSection
EndGlobal
